
Microsoft Visual Studio Solution File, Format Version 12.00
# Visual Studio Version 16
VisualStudioVersion = 16.0.31129.286
MinimumVisualStudioVersion = 10.0.40219.1
Project("{9A19103F-16F7-4668-BE54-9A1E7A4F7556}") = "RecipeBook.Web", "RecipeBook.Web\RecipeBook.Web.csproj", "{5E7568FA-4A70-44A4-BE7A-EC92EE961176}"
EndProject
Project("{9A19103F-16F7-4668-BE54-9A1E7A4F7556}") = "RecipeBook.Common", "RecipeBook.Common\RecipeBook.Common.csproj", "{980124B2-FAC4-42B4-B533-4216DCE541B8}"
EndProject
Project("{9A19103F-16F7-4668-BE54-9A1E7A4F7556}") = "RecipeBook.Dal", "RecipeBook.Dal\RecipeBook.Dal.csproj", "{D72983CF-FD8D-4A4D-A80E-79778610B042}"
EndProject
Project("{9A19103F-16F7-4668-BE54-9A1E7A4F7556}") = "RecipeBook.Di", "RecipeBook.Di\RecipeBook.Di.csproj", "{E0277A73-13A5-42D8-82E0-1EB89146C746}"
EndProject
Project("{9A19103F-16F7-4668-BE54-9A1E7A4F7556}") = "RecipeBook.Bll", "RecipeBook.Bll\RecipeBook.Bll.csproj", "{612AE6CB-012D-4613-8EA6-A994A97D1894}"
EndProject
Project("{FAE04EC0-301F-11D3-BF4B-00C04F79EFBC}") = "RecipeBook.Tests", "RecipeBook.Tests\RecipeBook.Tests.csproj", "{87A94B78-B77B-4609-B801-981850904513}"
EndProject
Global
	GlobalSection(SolutionConfigurationPlatforms) = preSolution
		Debug|Any CPU = Debug|Any CPU
		Release|Any CPU = Release|Any CPU
	EndGlobalSection
	GlobalSection(ProjectConfigurationPlatforms) = postSolution
		{5E7568FA-4A70-44A4-BE7A-EC92EE961176}.Debug|Any CPU.ActiveCfg = Debug|Any CPU
		{5E7568FA-4A70-44A4-BE7A-EC92EE961176}.Debug|Any CPU.Build.0 = Debug|Any CPU
		{5E7568FA-4A70-44A4-BE7A-EC92EE961176}.Release|Any CPU.ActiveCfg = Release|Any CPU
		{5E7568FA-4A70-44A4-BE7A-EC92EE961176}.Release|Any CPU.Build.0 = Release|Any CPU
		{980124B2-FAC4-42B4-B533-4216DCE541B8}.Debug|Any CPU.ActiveCfg = Debug|Any CPU
		{980124B2-FAC4-42B4-B533-4216DCE541B8}.Debug|Any CPU.Build.0 = Debug|Any CPU
		{980124B2-FAC4-42B4-B533-4216DCE541B8}.Release|Any CPU.ActiveCfg = Release|Any CPU
		{980124B2-FAC4-42B4-B533-4216DCE541B8}.Release|Any CPU.Build.0 = Release|Any CPU
		{D72983CF-FD8D-4A4D-A80E-79778610B042}.Debug|Any CPU.ActiveCfg = Debug|Any CPU
		{D72983CF-FD8D-4A4D-A80E-79778610B042}.Debug|Any CPU.Build.0 = Debug|Any CPU
		{D72983CF-FD8D-4A4D-A80E-79778610B042}.Release|Any CPU.ActiveCfg = Release|Any CPU
		{D72983CF-FD8D-4A4D-A80E-79778610B042}.Release|Any CPU.Build.0 = Release|Any CPU
		{E0277A73-13A5-42D8-82E0-1EB89146C746}.Debug|Any CPU.ActiveCfg = Debug|Any CPU
		{E0277A73-13A5-42D8-82E0-1EB89146C746}.Debug|Any CPU.Build.0 = Debug|Any CPU
		{E0277A73-13A5-42D8-82E0-1EB89146C746}.Release|Any CPU.ActiveCfg = Release|Any CPU
		{E0277A73-13A5-42D8-82E0-1EB89146C746}.Release|Any CPU.Build.0 = Release|Any CPU
		{612AE6CB-012D-4613-8EA6-A994A97D1894}.Debug|Any CPU.ActiveCfg = Debug|Any CPU
		{612AE6CB-012D-4613-8EA6-A994A97D1894}.Debug|Any CPU.Build.0 = Debug|Any CPU
		{612AE6CB-012D-4613-8EA6-A994A97D1894}.Release|Any CPU.ActiveCfg = Release|Any CPU
		{612AE6CB-012D-4613-8EA6-A994A97D1894}.Release|Any CPU.Build.0 = Release|Any CPU
		{87A94B78-B77B-4609-B801-981850904513}.Debug|Any CPU.ActiveCfg = Debug|Any CPU
		{87A94B78-B77B-4609-B801-981850904513}.Debug|Any CPU.Build.0 = Debug|Any CPU
		{87A94B78-B77B-4609-B801-981850904513}.Release|Any CPU.ActiveCfg = Release|Any CPU
		{87A94B78-B77B-4609-B801-981850904513}.Release|Any CPU.Build.0 = Release|Any CPU
	EndGlobalSection
	GlobalSection(SolutionProperties) = preSolution
		HideSolutionNode = FALSE
	EndGlobalSection
	GlobalSection(ExtensibilityGlobals) = postSolution
		SolutionGuid = {5BC5E57C-9BB9-43BD-A56A-E5B5AC10F36C}
	EndGlobalSection
EndGlobal
